// !$*UTF8*$!
{
	archiveVersion = 1;
	classes = {
	};
	objectVersion = 46;
	objects = {

/* Begin PBXBuildFile section */
		59E0565A1BB5CDA700FC7CD0 /* AppDelegate.swift in Sources */ = {isa = PBXBuildFile; fileRef = 59E056591BB5CDA700FC7CD0 /* AppDelegate.swift */; };
		59E0565C1BB5CDA700FC7CD0 /* ViewController.swift in Sources */ = {isa = PBXBuildFile; fileRef = 59E0565B1BB5CDA700FC7CD0 /* ViewController.swift */; };
		59E0565F1BB5CDA700FC7CD0 /* Main.storyboard in Resources */ = {isa = PBXBuildFile; fileRef = 59E0565D1BB5CDA700FC7CD0 /* Main.storyboard */; };
		59E056611BB5CDA700FC7CD0 /* Assets.xcassets in Resources */ = {isa = PBXBuildFile; fileRef = 59E056601BB5CDA700FC7CD0 /* Assets.xcassets */; };
		59E056641BB5CDA700FC7CD0 /* LaunchScreen.storyboard in Resources */ = {isa = PBXBuildFile; fileRef = 59E056621BB5CDA700FC7CD0 /* LaunchScreen.storyboard */; };
/* End PBXBuildFile section */

/* Begin PBXFileReference section */
		59E056561BB5CDA700FC7CD0 /* Countdown.app */ = {isa = PBXFileReference; explicitFileType = wrapper.application; includeInIndex = 0; path = Countdown.app; sourceTree = BUILT_PRODUCTS_DIR; };
		59E056591BB5CDA700FC7CD0 /* AppDelegate.swift */ = {isa = PBXFileReference; lastKnownFileType = sourcecode.swift; path = AppDelegate.swift; sourceTree = "<group>"; };
		59E0565B1BB5CDA700FC7CD0 /* ViewController.swift */ = {isa = PBXFileReference; lastKnownFileType = sourcecode.swift; path = ViewController.swift; sourceTree = "<group>"; };
		59E0565E1BB5CDA700FC7CD0 /* Base */ = {isa = PBXFileReference; lastKnownFileType = file.storyboard; name = Base; path = Base.lproj/Main.storyboard; sourceTree = "<group>"; };
		59E056601BB5CDA700FC7CD0 /* Assets.xcassets */ = {isa = PBXFileReference; lastKnownFileType = folder.assetcatalog; path = Assets.xcassets; sourceTree = "<group>"; };
		59E056631BB5CDA700FC7CD0 /* Base */ = {isa = PBXFileReference; lastKnownFileType = file.storyboard; name = Base; path = Base.lproj/LaunchScreen.storyboard; sourceTree = "<group>"; };
		59E056651BB5CDA700FC7CD0 /* Info.plist */ = {isa = PBXFileReference; lastKnownFileType = text.plist.xml; path = Info.plist; sourceTree = "<group>"; };
/* End PBXFileReference section */

/* Begin PBXFrameworksBuildPhase section */
		59E056531BB5CDA700FC7CD0 /* Frameworks */ = {
			isa = PBXFrameworksBuildPhase;
			buildActionMask = 2147483647;
			files = (
			);
			runOnlyForDeploymentPostprocessing = 0;
		};
/* End PBXFrameworksBuildPhase section */

/* Begin PBXGroup section */
		59E0564D1BB5CDA700FC7CD0 = {
			isa = PBXGroup;
			children = (
				59E056581BB5CDA700FC7CD0 /* Countdown */,
				59E056571BB5CDA700FC7CD0 /* Products */,
			);
			sourceTree = "<group>";
		};
		59E056571BB5CDA700FC7CD0 /* Products */ = {
			isa = PBXGroup;
			children = (
				59E056561BB5CDA700FC7CD0 /* Countdown.app */,
			);
			name = Products;
			sourceTree = "<group>";
		};
		59E056581BB5CDA700FC7CD0 /* Countdown */ = {
			isa = PBXGroup;
			children = (
				59E056591BB5CDA700FC7CD0 /* AppDelegate.swift */,
				59E0565B1BB5CDA700FC7CD0 /* ViewController.swift */,
				59E0565D1BB5CDA700FC7CD0 /* Main.storyboard */,
				59E056601BB5CDA700FC7CD0 /* Assets.xcassets */,
				59E056621BB5CDA700FC7CD0 /* LaunchScreen.storyboard */,
				59E056651BB5CDA700FC7CD0 /* Info.plist */,
			);
			path = Countdown;
			sourceTree = "<group>";
		};
/* End PBXGroup section */

/* Begin PBXNativeTarget section */
		59E056551BB5CDA700FC7CD0 /* Countdown */ = {
			isa = PBXNativeTarget;
			buildConfigurationList = 59E056681BB5CDA700FC7CD0 /* Build configuration list for PBXNativeTarget "Countdown" */;
			buildPhases = (
				59E056521BB5CDA700FC7CD0 /* Sources */,
				59E056531BB5CDA700FC7CD0 /* Frameworks */,
				59E056541BB5CDA700FC7CD0 /* Resources */,
			);
			buildRules = (
			);
			dependencies = (
			);
			name = Countdown;
			productName = Countdown;
			productReference = 59E056561BB5CDA700FC7CD0 /* Countdown.app */;
			productType = "com.apple.product-type.application";
		};
/* End PBXNativeTarget section */

/* Begin PBXProject section */
		59E0564E1BB5CDA700FC7CD0 /* Project object */ = {
			isa = PBXProject;
			attributes = {
				LastUpgradeCheck = 0700;
				ORGANIZATIONNAME = "Rhett Rogers";
				TargetAttributes = {
					59E056551BB5CDA700FC7CD0 = {
						CreatedOnToolsVersion = 7.0;
					};
				};
			};
			buildConfigurationList = 59E056511BB5CDA700FC7CD0 /* Build configuration list for PBXProject "Countdown" */;
			compatibilityVersion = "Xcode 3.2";
			developmentRegion = English;
			hasScannedForEncodings = 0;
			knownRegions = (
				en,
				Base,
			);
			mainGroup = 59E0564D1BB5CDA700FC7CD0;
			productRefGroup = 59E056571BB5CDA700FC7CD0 /* Products */;
			projectDirPath = "";
			projectRoot = "";
			targets = (
				59E056551BB5CDA700FC7CD0 /* Countdown */,
			);
		};
/* End PBXProject section */

/* Begin PBXResourcesBuildPhase section */
		59E056541BB5CDA700FC7CD0 /* Resources */ = {
			isa = PBXResourcesBuildPhase;
			buildActionMask = 2147483647;
			files = (
				59E056641BB5CDA700FC7CD0 /* LaunchScreen.storyboard in Resources */,
				59E056611BB5CDA700FC7CD0 /* Assets.xcassets in Resources */,
				59E0565F1BB5CDA700FC7CD0 /* Main.storyboard in Resources */,
			);
			runOnlyForDeploymentPostprocessing = 0;
		};
/* End PBXResourcesBuildPhase section */

/* Begin PBXSourcesBuildPhase section */
		59E056521BB5CDA700FC7CD0 /* Sources */ = {
			isa = PBXSourcesBuildPhase;
			buildActionMask = 2147483647;
			files = (
				59E0565C1BB5CDA700FC7CD0 /* ViewController.swift in Sources */,
				59E0565A1BB5CDA700FC7CD0 /* AppDelegate.swift in Sources */,
			);
			runOnlyForDeploymentPostprocessing = 0;
		};
/* End PBXSourcesBuildPhase section */

/* Begin PBXVariantGroup section */
		59E0565D1BB5CDA700FC7CD0 /* Main.storyboard */ = {
			isa = PBXVariantGroup;
			children = (
				59E0565E1BB5CDA700FC7CD0 /* Base */,
			);
			name = Main.storyboard;
			sourceTree = "<group>";
		};
		59E056621BB5CDA700FC7CD0 /* LaunchScreen.storyboard */ = {
			isa = PBXVariantGroup;
			children = (
				59E056631BB5CDA700FC7CD0 /* Base */,
			);
			name = LaunchScreen.storyboard;
			sourceTree = "<group>";
		};
/* End PBXVariantGroup section */

/* Begin XCBuildConfiguration section */
		59E056661BB5CDA700FC7CD0 /* Debug */ = {
			isa = XCBuildConfiguration;
			buildSettings = {
				ALWAYS_SEARCH_USER_PATHS = NO;
				CLANG_CXX_LANGUAGE_STANDARD = "gnu++0x";
				CLANG_CXX_LIBRARY = "libc++";
				CLANG_ENABLE_MODULES = YES;
				CLANG_ENABLE_OBJC_ARC = YES;
				CLANG_WARN_BOOL_CONVERSION = YES;
				CLANG_WARN_CONSTANT_CONVERSION = YES;
				CLANG_WARN_DIRECT_OBJC_ISA_USAGE = YES_ERROR;
				CLANG_WARN_EMPTY_BODY = YES;
				CLANG_WARN_ENUM_CONVERSION = YES;
				CLANG_WARN_INT_CONVERSION = YES;
				CLANG_WARN_OBJC_ROOT_CLASS = YES_ERROR;
				CLANG_WARN_UNREACHABLE_CODE = YES;
				CLANG_WARN__DUPLICATE_METHOD_MATCH = YES;
				"CODE_SIGN_IDENTITY[sdk=iphoneos*]" = "iPhone Developer";
				COPY_PHASE_STRIP = NO;
				DEBUG_INFORMATION_FORMAT = dwarf;
				ENABLE_STRICT_OBJC_MSGSEND = YES;
				ENABLE_TESTABILITY = YES;
				GCC_C_LANGUAGE_STANDARD = gnu99;
				GCC_DYNAMIC_NO_PIC = NO;
				GCC_NO_COMMON_BLOCKS = YES;
				GCC_OPTIMIZATION_LEVEL = 0;
				GCC_PREPROCESSOR_DEFINITIONS = (
					"DEBUG=1",
					"$(inherited)",
				);
				GCC_WARN_64_TO_32_BIT_CONVERSION = YES;
				GCC_WARN_ABOUT_RETURN_TYPE = YES_ERROR;
				GCC_WARN_UNDECLARED_SELECTOR = YES;
				GCC_WARN_UNINITIALIZED_AUTOS = YES_AGGRESSIVE;
				GCC_WARN_UNUSED_FUNCTION = YES;
				GCC_WARN_UNUSED_VARIABLE = YES;
				IPHONEOS_DEPLOYMENT_TARGET = 9.0;
				MTL_ENABLE_DEBUG_INFO = YES;
				ONLY_ACTIVE_ARCH = YES;
				SDKROOT = iphoneos;
				SWIFT_OPTIMIZATION_LEVEL = "-Onone";
			};
			name = Debug;
		};
		59E056671BB5CDA700FC7CD0 /* Release */ = {
			isa = XCBuildConfiguration;
			buildSettings = {
				ALWAYS_SEARCH_USER_PATHS = NO;
				CLANG_CXX_LANGUAGE_STANDARD = "gnu++0x";
				CLANG_CXX_LIBRARY = "libc++";
				CLANG_ENABLE_MODULES = YES;
				CLANG_ENABLE_OBJC_ARC = YES;
				CLANG_WARN_BOOL_CONVERSION = YES;
				CLANG_WARN_CONSTANT_CONVERSION = YES;
				CLANG_WARN_DIRECT_OBJC_ISA_USAGE = YES_ERROR;
				CLANG_WARN_EMPTY_BODY = YES;
				CLANG_WARN_ENUM_CONVERSION = YES;
				CLANG_WARN_INT_CONVERSION = YES;
				CLANG_WARN_OBJC_ROOT_CLASS = YES_ERROR;
				CLANG_WARN_UNREACHABLE_CODE = YES;
				CLANG_WARN__DUPLICATE_METHOD_MATCH = YES;
				"CODE_SIGN_IDENTITY[sdk=iphoneos*]" = "iPhone Developer";
				COPY_PHASE_STRIP = NO;
				DEBUG_INFORMATION_FORMAT = "dwarf-with-dsym";
				ENABLE_NS_ASSERTIONS = NO;
				ENABLE_STRICT_OBJC_MSGSEND = YES;
				GCC_C_LANGUAGE_STANDARD = gnu99;
				GCC_NO_COMMON_BLOCKS = YES;
				GCC_WARN_64_TO_32_BIT_CONVERSION = YES;
				GCC_WARN_ABOUT_RETURN_TYPE = YES_ERROR;
				GCC_WARN_UNDECLARED_SELECTOR = YES;
				GCC_WARN_UNINITIALIZED_AUTOS = YES_AGGRESSIVE;
				GCC_WARN_UNUSED_FUNCTION = YES;
				GCC_WARN_UNUSED_VARIABLE = YES;
				IPHONEOS_DEPLOYMENT_TARGET = 9.0;
				MTL_ENABLE_DEBUG_INFO = NO;
				SDKROOT = iphoneos;
				VALIDATE_PRODUCT = YES;
			};
			name = Release;
		};
		59E056691BB5CDA700FC7CD0 /* Debug */ = {
			isa = XCBuildConfiguration;
			buildSettings = {
				ASSETCATALOG_COMPILER_APPICON_NAME = AppIcon;
				INFOPLIST_FILE = Countdown/Info.plist;
				LD_RUNPATH_SEARCH_PATHS = "$(inherited) @executable_path/Frameworks";
				PRODUCT_BUNDLE_IDENTIFIER = com.lyokotech.Countdown;
				PRODUCT_NAME = "$(TARGET_NAME)";
			};
			name = Debug;
		};
		59E0566A1BB5CDA700FC7CD0 /* Release */ = {
			isa = XCBuildConfiguration;
			buildSettings = {
				ASSETCATALOG_COMPILER_APPICON_NAME = AppIcon;
				INFOPLIST_FILE = Countdown/Info.plist;
				LD_RUNPATH_SEARCH_PATHS = "$(inherited) @executable_path/Frameworks";
				PRODUCT_BUNDLE_IDENTIFIER = com.lyokotech.Countdown;
				PRODUCT_NAME = "$(TARGET_NAME)";
			};
			name = Release;
		};
/* End XCBuildConfiguration section */

/* Begin XCConfigurationList section */
		59E056511BB5CDA700FC7CD0 /* Build configuration list for PBXProject "Countdown" */ = {
			isa = XCConfigurationList;
			buildConfigurations = (
				59E056661BB5CDA700FC7CD0 /* Debug */,
				59E056671BB5CDA700FC7CD0 /* Release */,
			);
			defaultConfigurationIsVisible = 0;
			defaultConfigurationName = Release;
		};
		59E056681BB5CDA700FC7CD0 /* Build configuration list for PBXNativeTarget "Countdown" */ = {
			isa = XCConfigurationList;
			buildConfigurations = (
				59E056691BB5CDA700FC7CD0 /* Debug */,
				59E0566A1BB5CDA700FC7CD0 /* Release */,
			);
			defaultConfigurationIsVisible = 0;
		};
/* End XCConfigurationList section */
	};
	rootObject = 59E0564E1BB5CDA700FC7CD0 /* Project object */;
}
